
Microsoft Visual Studio Solution File, Format Version 12.00
# Visual Studio 15
VisualStudioVersion = 15.0.26730.12
MinimumVisualStudioVersion = 10.0.40219.1
Project("{FAE04EC0-301F-11D3-BF4B-00C04F79EFBC}") = "Interfaces", "Interfaces\Interfaces.csproj", "{3323397E-FA92-49C8-8254-9265520297CF}"
EndProject
Global
	GlobalSection(SolutionConfigurationPlatforms) = preSolution
		Debug|Any CPU = Debug|Any CPU
		Release|Any CPU = Release|Any CPU
	EndGlobalSection
	GlobalSection(ProjectConfigurationPlatforms) = postSolution
		{3323397E-FA92-49C8-8254-9265520297CF}.Debug|Any CPU.ActiveCfg = Debug|Any CPU
		{3323397E-FA92-49C8-8254-9265520297CF}.Debug|Any CPU.Build.0 = Debug|Any CPU
		{3323397E-FA92-49C8-8254-9265520297CF}.Release|Any CPU.ActiveCfg = Release|Any CPU
		{3323397E-FA92-49C8-8254-9265520297CF}.Release|Any CPU.Build.0 = Release|Any CPU
	EndGlobalSection
	GlobalSection(SolutionProperties) = preSolution
		HideSolutionNode = FALSE
	EndGlobalSection
	GlobalSection(ExtensibilityGlobals) = postSolution
		SolutionGuid = {5854396E-8C31-45BB-A181-E96732030783}
	EndGlobalSection
EndGlobal
